
Microsoft Visual Studio Solution File, Format Version 12.00
# Visual Studio Version 17
VisualStudioVersion = 17.4.33403.182
MinimumVisualStudioVersion = 10.0.40219.1
Project("{FAE04EC0-301F-11D3-BF4B-00C04F79EFBC}") = "Epic_1_1", "Epic_1_1.csproj", "{B2F990DA-E0A3-4E1D-9270-D3E06188133F}"
EndProject
Global
	GlobalSection(SolutionConfigurationPlatforms) = preSolution
		Debug|Any CPU = Debug|Any CPU
		Release|Any CPU = Release|Any CPU
	EndGlobalSection
	GlobalSection(ProjectConfigurationPlatforms) = postSolution
		{B2F990DA-E0A3-4E1D-9270-D3E06188133F}.Debug|Any CPU.ActiveCfg = Debug|Any CPU
		{B2F990DA-E0A3-4E1D-9270-D3E06188133F}.Debug|Any CPU.Build.0 = Debug|Any CPU
		{B2F990DA-E0A3-4E1D-9270-D3E06188133F}.Release|Any CPU.ActiveCfg = Release|Any CPU
		{B2F990DA-E0A3-4E1D-9270-D3E06188133F}.Release|Any CPU.Build.0 = Release|Any CPU
	EndGlobalSection
	GlobalSection(SolutionProperties) = preSolution
		HideSolutionNode = FALSE
	EndGlobalSection
	GlobalSection(ExtensibilityGlobals) = postSolution
		SolutionGuid = {5B99F528-FA90-491C-85E5-0FCABFD44E33}
	EndGlobalSection
EndGlobal
